// !$*UTF8*$!
{
	archiveVersion = 1;
	classes = {
	};
	objectVersion = 52;
	objects = {

/* Begin PBXBuildFile section */
		2462785724953366000FED0A /* AppDelegate.swift in Sources */ = {isa = PBXBuildFile; fileRef = 2462785624953366000FED0A /* AppDelegate.swift */; };
		2462785924953366000FED0A /* SceneDelegate.swift in Sources */ = {isa = PBXBuildFile; fileRef = 2462785824953366000FED0A /* SceneDelegate.swift */; };
		2462785B24953366000FED0A /* ConversationViewController.swift in Sources */ = {isa = PBXBuildFile; fileRef = 2462785A24953366000FED0A /* ConversationViewController.swift */; };
		246278602495336A000FED0A /* Assets.xcassets in Resources */ = {isa = PBXBuildFile; fileRef = 2462785F2495336A000FED0A /* Assets.xcassets */; };
		246278632495336A000FED0A /* LaunchScreen.storyboard in Resources */ = {isa = PBXBuildFile; fileRef = 246278612495336A000FED0A /* LaunchScreen.storyboard */; };
		246278722495389E000FED0A /* LoginViewController.swift in Sources */ = {isa = PBXBuildFile; fileRef = 246278712495389E000FED0A /* LoginViewController.swift */; };
		2462787424953920000FED0A /* RegisterViewController.swift in Sources */ = {isa = PBXBuildFile; fileRef = 2462787324953920000FED0A /* RegisterViewController.swift */; };
		2462787624953936000FED0A /* PhotoViewerViewController.swift in Sources */ = {isa = PBXBuildFile; fileRef = 2462787524953936000FED0A /* PhotoViewerViewController.swift */; };
		246278782495394D000FED0A /* VideoViewerViewController.swift in Sources */ = {isa = PBXBuildFile; fileRef = 246278772495394D000FED0A /* VideoViewerViewController.swift */; };
		2462787A2495395A000FED0A /* VewConversationViewController.swift in Sources */ = {isa = PBXBuildFile; fileRef = 246278792495395A000FED0A /* VewConversationViewController.swift */; };
		2462787C24953978000FED0A /* ProfileViewController.swift in Sources */ = {isa = PBXBuildFile; fileRef = 2462787B24953978000FED0A /* ProfileViewController.swift */; };
		2462787F24954622000FED0A /* Extensions.swift in Sources */ = {isa = PBXBuildFile; fileRef = 2462787E24954622000FED0A /* Extensions.swift */; };
		246278812495B0B3000FED0A /* GoogleService-Info.plist in Resources */ = {isa = PBXBuildFile; fileRef = 246278802495B0B2000FED0A /* GoogleService-Info.plist */; };
		2462788324963AD4000FED0A /* DatabaseManager.swift in Sources */ = {isa = PBXBuildFile; fileRef = 2462788224963AD4000FED0A /* DatabaseManager.swift */; };
		2462788524965EB1000FED0A /* MainTabBar.swift in Sources */ = {isa = PBXBuildFile; fileRef = 2462788424965EB1000FED0A /* MainTabBar.swift */; };
		2462788824966E02000FED0A /* SnapKit in Frameworks */ = {isa = PBXBuildFile; productRef = 2462788724966E02000FED0A /* SnapKit */; };
		E7F6C577F5B50C6F04067D9D /* Pods_iChat.framework in Frameworks */ = {isa = PBXBuildFile; fileRef = DFDB4CF1DF2DA52CC83ADD90 /* Pods_iChat.framework */; };
/* End PBXBuildFile section */

/* Begin PBXFileReference section */
		22BF6CC9CB0F0A9C85BF395F /* Pods-iChat.debug.xcconfig */ = {isa = PBXFileReference; includeInIndex = 1; lastKnownFileType = text.xcconfig; name = "Pods-iChat.debug.xcconfig"; path = "Target Support Files/Pods-iChat/Pods-iChat.debug.xcconfig"; sourceTree = "<group>"; };
		2462785324953366000FED0A /* iChat.app */ = {isa = PBXFileReference; explicitFileType = wrapper.application; includeInIndex = 0; path = iChat.app; sourceTree = BUILT_PRODUCTS_DIR; };
		2462785624953366000FED0A /* AppDelegate.swift */ = {isa = PBXFileReference; lastKnownFileType = sourcecode.swift; path = AppDelegate.swift; sourceTree = "<group>"; };
		2462785824953366000FED0A /* SceneDelegate.swift */ = {isa = PBXFileReference; lastKnownFileType = sourcecode.swift; path = SceneDelegate.swift; sourceTree = "<group>"; };
		2462785A24953366000FED0A /* ConversationViewController.swift */ = {isa = PBXFileReference; lastKnownFileType = sourcecode.swift; path = ConversationViewController.swift; sourceTree = "<group>"; };
		2462785F2495336A000FED0A /* Assets.xcassets */ = {isa = PBXFileReference; lastKnownFileType = folder.assetcatalog; path = Assets.xcassets; sourceTree = "<group>"; };
		246278622495336A000FED0A /* Base */ = {isa = PBXFileReference; lastKnownFileType = file.storyboard; name = Base; path = Base.lproj/LaunchScreen.storyboard; sourceTree = "<group>"; };
		246278642495336A000FED0A /* Info.plist */ = {isa = PBXFileReference; lastKnownFileType = text.plist.xml; path = Info.plist; sourceTree = "<group>"; };
		246278712495389E000FED0A /* LoginViewController.swift */ = {isa = PBXFileReference; lastKnownFileType = sourcecode.swift; path = LoginViewController.swift; sourceTree = "<group>"; };
		2462787324953920000FED0A /* RegisterViewController.swift */ = {isa = PBXFileReference; lastKnownFileType = sourcecode.swift; path = RegisterViewController.swift; sourceTree = "<group>"; };
		2462787524953936000FED0A /* PhotoViewerViewController.swift */ = {isa = PBXFileReference; lastKnownFileType = sourcecode.swift; path = PhotoViewerViewController.swift; sourceTree = "<group>"; };
		246278772495394D000FED0A /* VideoViewerViewController.swift */ = {isa = PBXFileReference; lastKnownFileType = sourcecode.swift; path = VideoViewerViewController.swift; sourceTree = "<group>"; };
		246278792495395A000FED0A /* VewConversationViewController.swift */ = {isa = PBXFileReference; lastKnownFileType = sourcecode.swift; path = VewConversationViewController.swift; sourceTree = "<group>"; };
		2462787B24953978000FED0A /* ProfileViewController.swift */ = {isa = PBXFileReference; lastKnownFileType = sourcecode.swift; path = ProfileViewController.swift; sourceTree = "<group>"; };
		2462787E24954622000FED0A /* Extensions.swift */ = {isa = PBXFileReference; lastKnownFileType = sourcecode.swift; path = Extensions.swift; sourceTree = "<group>"; };
		246278802495B0B2000FED0A /* GoogleService-Info.plist */ = {isa = PBXFileReference; fileEncoding = 4; lastKnownFileType = text.plist.xml; path = "GoogleService-Info.plist"; sourceTree = "<group>"; };
		2462788224963AD4000FED0A /* DatabaseManager.swift */ = {isa = PBXFileReference; lastKnownFileType = sourcecode.swift; path = DatabaseManager.swift; sourceTree = "<group>"; };
		2462788424965EB1000FED0A /* MainTabBar.swift */ = {isa = PBXFileReference; lastKnownFileType = sourcecode.swift; path = MainTabBar.swift; sourceTree = "<group>"; };
		9711319361B8E8ACE01EC8FA /* Pods-iChat.release.xcconfig */ = {isa = PBXFileReference; includeInIndex = 1; lastKnownFileType = text.xcconfig; name = "Pods-iChat.release.xcconfig"; path = "Target Support Files/Pods-iChat/Pods-iChat.release.xcconfig"; sourceTree = "<group>"; };
		DFDB4CF1DF2DA52CC83ADD90 /* Pods_iChat.framework */ = {isa = PBXFileReference; explicitFileType = wrapper.framework; includeInIndex = 0; path = Pods_iChat.framework; sourceTree = BUILT_PRODUCTS_DIR; };
/* End PBXFileReference section */

/* Begin PBXFrameworksBuildPhase section */
		2462785024953366000FED0A /* Frameworks */ = {
			isa = PBXFrameworksBuildPhase;
			buildActionMask = 2147483647;
			files = (
				E7F6C577F5B50C6F04067D9D /* Pods_iChat.framework in Frameworks */,
				2462788824966E02000FED0A /* SnapKit in Frameworks */,
			);
			runOnlyForDeploymentPostprocessing = 0;
		};
/* End PBXFrameworksBuildPhase section */

/* Begin PBXGroup section */
		2462784A24953366000FED0A = {
			isa = PBXGroup;
			children = (
				2462785524953366000FED0A /* iChat */,
				2462785424953366000FED0A /* Products */,
				BFD5EF26E6E2F4C83BA6C1D8 /* Pods */,
				40048F0FEA287B78F0809A28 /* Frameworks */,
			);
			sourceTree = "<group>";
		};
		2462785424953366000FED0A /* Products */ = {
			isa = PBXGroup;
			children = (
				2462785324953366000FED0A /* iChat.app */,
			);
			name = Products;
			sourceTree = "<group>";
		};
		2462785524953366000FED0A /* iChat */ = {
			isa = PBXGroup;
			children = (
				2462786E2495351B000FED0A /* Resources */,
				2462786D24953510000FED0A /* ViewModels */,
				2462786C24953508000FED0A /* Models */,
				2462786B24953501000FED0A /* Views */,
				2462786A249534F8000FED0A /* Controllers */,
				246278612495336A000FED0A /* LaunchScreen.storyboard */,
				246278802495B0B2000FED0A /* GoogleService-Info.plist */,
				246278642495336A000FED0A /* Info.plist */,
			);
			path = iChat;
			sourceTree = "<group>";
		};
		2462786A249534F8000FED0A /* Controllers */ = {
			isa = PBXGroup;
			children = (
				2462788424965EB1000FED0A /* MainTabBar.swift */,
				2462787D24954231000FED0A /* LoginControllers */,
				2462785A24953366000FED0A /* ConversationViewController.swift */,
				2462787524953936000FED0A /* PhotoViewerViewController.swift */,
				246278772495394D000FED0A /* VideoViewerViewController.swift */,
				246278792495395A000FED0A /* VewConversationViewController.swift */,
				2462787B24953978000FED0A /* ProfileViewController.swift */,
			);
			path = Controllers;
			sourceTree = "<group>";
		};
		2462786B24953501000FED0A /* Views */ = {
			isa = PBXGroup;
			children = (
			);
			path = Views;
			sourceTree = "<group>";
		};
		2462786C24953508000FED0A /* Models */ = {
			isa = PBXGroup;
			children = (
			);
			path = Models;
			sourceTree = "<group>";
		};
		2462786D24953510000FED0A /* ViewModels */ = {
			isa = PBXGroup;
			children = (
			);
			path = ViewModels;
			sourceTree = "<group>";
		};
		2462786E2495351B000FED0A /* Resources */ = {
			isa = PBXGroup;
			children = (
				2462785624953366000FED0A /* AppDelegate.swift */,
				2462785824953366000FED0A /* SceneDelegate.swift */,
				2462785F2495336A000FED0A /* Assets.xcassets */,
				2462787E24954622000FED0A /* Extensions.swift */,
				2462788224963AD4000FED0A /* DatabaseManager.swift */,
			);
			path = Resources;
			sourceTree = "<group>";
		};
		2462787D24954231000FED0A /* LoginControllers */ = {
			isa = PBXGroup;
			children = (
				246278712495389E000FED0A /* LoginViewController.swift */,
				2462787324953920000FED0A /* RegisterViewController.swift */,
			);
			path = LoginControllers;
			sourceTree = "<group>";
		};
		40048F0FEA287B78F0809A28 /* Frameworks */ = {
			isa = PBXGroup;
			children = (
				DFDB4CF1DF2DA52CC83ADD90 /* Pods_iChat.framework */,
			);
			name = Frameworks;
			sourceTree = "<group>";
		};
		BFD5EF26E6E2F4C83BA6C1D8 /* Pods */ = {
			isa = PBXGroup;
			children = (
				22BF6CC9CB0F0A9C85BF395F /* Pods-iChat.debug.xcconfig */,
				9711319361B8E8ACE01EC8FA /* Pods-iChat.release.xcconfig */,
			);
			path = Pods;
			sourceTree = "<group>";
		};
/* End PBXGroup section */

/* Begin PBXNativeTarget section */
		2462785224953366000FED0A /* iChat */ = {
			isa = PBXNativeTarget;
			buildConfigurationList = 246278672495336A000FED0A /* Build configuration list for PBXNativeTarget "iChat" */;
			buildPhases = (
				5373EC33EA1026CB5E7D5474 /* [CP] Check Pods Manifest.lock */,
				2462784F24953366000FED0A /* Sources */,
				2462785024953366000FED0A /* Frameworks */,
				2462785124953366000FED0A /* Resources */,
				D5BC3AD6ED30439717F1F23F /* [CP] Embed Pods Frameworks */,
				B69B6B602EE97DBBE2E78FCC /* [CP] Copy Pods Resources */,
			);
			buildRules = (
			);
			dependencies = (
			);
			name = iChat;
			packageProductDependencies = (
				2462788724966E02000FED0A /* SnapKit */,
			);
			productName = iChat;
			productReference = 2462785324953366000FED0A /* iChat.app */;
			productType = "com.apple.product-type.application";
		};
/* End PBXNativeTarget section */

/* Begin PBXProject section */
		2462784B24953366000FED0A /* Project object */ = {
			isa = PBXProject;
			attributes = {
				LastSwiftUpdateCheck = 1150;
				LastUpgradeCheck = 1150;
				ORGANIZATIONNAME = "Ahmed,ORG";
				TargetAttributes = {
					2462785224953366000FED0A = {
						CreatedOnToolsVersion = 11.5;
					};
				};
			};
			buildConfigurationList = 2462784E24953366000FED0A /* Build configuration list for PBXProject "iChat" */;
			compatibilityVersion = "Xcode 9.3";
			developmentRegion = en;
			hasScannedForEncodings = 0;
			knownRegions = (
				en,
				Base,
			);
			mainGroup = 2462784A24953366000FED0A;
			packageReferences = (
				2462788624966E02000FED0A /* XCRemoteSwiftPackageReference "SnapKit" */,
			);
			productRefGroup = 2462785424953366000FED0A /* Products */;
			projectDirPath = "";
			projectRoot = "";
			targets = (
				2462785224953366000FED0A /* iChat */,
			);
		};
/* End PBXProject section */

/* Begin PBXResourcesBuildPhase section */
		2462785124953366000FED0A /* Resources */ = {
			isa = PBXResourcesBuildPhase;
			buildActionMask = 2147483647;
			files = (
				246278632495336A000FED0A /* LaunchScreen.storyboard in Resources */,
				246278602495336A000FED0A /* Assets.xcassets in Resources */,
				246278812495B0B3000FED0A /* GoogleService-Info.plist in Resources */,
			);
			runOnlyForDeploymentPostprocessing = 0;
		};
/* End PBXResourcesBuildPhase section */

/* Begin PBXShellScriptBuildPhase section */
		5373EC33EA1026CB5E7D5474 /* [CP] Check Pods Manifest.lock */ = {
			isa = PBXShellScriptBuildPhase;
			buildActionMask = 2147483647;
			files = (
			);
			inputFileListPaths = (
			);
			inputPaths = (
				"${PODS_PODFILE_DIR_PATH}/Podfile.lock",
				"${PODS_ROOT}/Manifest.lock",
			);
			name = "[CP] Check Pods Manifest.lock";
			outputFileListPaths = (
			);
			outputPaths = (
				"$(DERIVED_FILE_DIR)/Pods-iChat-checkManifestLockResult.txt",
			);
			runOnlyForDeploymentPostprocessing = 0;
			shellPath = /bin/sh;
			shellScript = "diff \"${PODS_PODFILE_DIR_PATH}/Podfile.lock\" \"${PODS_ROOT}/Manifest.lock\" > /dev/null\nif [ $? != 0 ] ; then\n    # print error to STDERR\n    echo \"error: The sandbox is not in sync with the Podfile.lock. Run 'pod install' or update your CocoaPods installation.\" >&2\n    exit 1\nfi\n# This output is used by Xcode 'outputs' to avoid re-running this script phase.\necho \"SUCCESS\" > \"${SCRIPT_OUTPUT_FILE_0}\"\n";
			showEnvVarsInLog = 0;
		};
		B69B6B602EE97DBBE2E78FCC /* [CP] Copy Pods Resources */ = {
			isa = PBXShellScriptBuildPhase;
			buildActionMask = 2147483647;
			files = (
			);
			inputFileListPaths = (
				"${PODS_ROOT}/Target Support Files/Pods-iChat/Pods-iChat-resources-${CONFIGURATION}-input-files.xcfilelist",
			);
			name = "[CP] Copy Pods Resources";
			outputFileListPaths = (
				"${PODS_ROOT}/Target Support Files/Pods-iChat/Pods-iChat-resources-${CONFIGURATION}-output-files.xcfilelist",
			);
			runOnlyForDeploymentPostprocessing = 0;
			shellPath = /bin/sh;
			shellScript = "\"${PODS_ROOT}/Target Support Files/Pods-iChat/Pods-iChat-resources.sh\"\n";
			showEnvVarsInLog = 0;
		};
		D5BC3AD6ED30439717F1F23F /* [CP] Embed Pods Frameworks */ = {
			isa = PBXShellScriptBuildPhase;
			buildActionMask = 2147483647;
			files = (
			);
			inputFileListPaths = (
				"${PODS_ROOT}/Target Support Files/Pods-iChat/Pods-iChat-frameworks-${CONFIGURATION}-input-files.xcfilelist",
			);
			name = "[CP] Embed Pods Frameworks";
			outputFileListPaths = (
				"${PODS_ROOT}/Target Support Files/Pods-iChat/Pods-iChat-frameworks-${CONFIGURATION}-output-files.xcfilelist",
			);
			runOnlyForDeploymentPostprocessing = 0;
			shellPath = /bin/sh;
			shellScript = "\"${PODS_ROOT}/Target Support Files/Pods-iChat/Pods-iChat-frameworks.sh\"\n";
			showEnvVarsInLog = 0;
		};
/* End PBXShellScriptBuildPhase section */

/* Begin PBXSourcesBuildPhase section */
		2462784F24953366000FED0A /* Sources */ = {
			isa = PBXSourcesBuildPhase;
			buildActionMask = 2147483647;
			files = (
				2462788524965EB1000FED0A /* MainTabBar.swift in Sources */,
				246278722495389E000FED0A /* LoginViewController.swift in Sources */,
				2462788324963AD4000FED0A /* DatabaseManager.swift in Sources */,
				246278782495394D000FED0A /* VideoViewerViewController.swift in Sources */,
				2462787F24954622000FED0A /* Extensions.swift in Sources */,
				2462787A2495395A000FED0A /* VewConversationViewController.swift in Sources */,
				2462787424953920000FED0A /* RegisterViewController.swift in Sources */,
				2462785B24953366000FED0A /* ConversationViewController.swift in Sources */,
				2462785724953366000FED0A /* AppDelegate.swift in Sources */,
				2462787C24953978000FED0A /* ProfileViewController.swift in Sources */,
				2462785924953366000FED0A /* SceneDelegate.swift in Sources */,
				2462787624953936000FED0A /* PhotoViewerViewController.swift in Sources */,
			);
			runOnlyForDeploymentPostprocessing = 0;
		};
/* End PBXSourcesBuildPhase section */

/* Begin PBXVariantGroup section */
		246278612495336A000FED0A /* LaunchScreen.storyboard */ = {
			isa = PBXVariantGroup;
			children = (
				246278622495336A000FED0A /* Base */,
			);
			name = LaunchScreen.storyboard;
			sourceTree = "<group>";
		};
/* End PBXVariantGroup section */

/* Begin XCBuildConfiguration section */
		246278652495336A000FED0A /* Debug */ = {
			isa = XCBuildConfiguration;
			buildSettings = {
				ALWAYS_SEARCH_USER_PATHS = NO;
				CLANG_ANALYZER_NONNULL = YES;
				CLANG_ANALYZER_NUMBER_OBJECT_CONVERSION = YES_AGGRESSIVE;
				CLANG_CXX_LANGUAGE_STANDARD = "gnu++14";
				CLANG_CXX_LIBRARY = "libc++";
				CLANG_ENABLE_MODULES = YES;
				CLANG_ENABLE_OBJC_ARC = YES;
				CLANG_ENABLE_OBJC_WEAK = YES;
				CLANG_WARN_BLOCK_CAPTURE_AUTORELEASING = YES;
				CLANG_WARN_BOOL_CONVERSION = YES;
				CLANG_WARN_COMMA = YES;
				CLANG_WARN_CONSTANT_CONVERSION = YES;
				CLANG_WARN_DEPRECATED_OBJC_IMPLEMENTATIONS = YES;
				CLANG_WARN_DIRECT_OBJC_ISA_USAGE = YES_ERROR;
				CLANG_WARN_DOCUMENTATION_COMMENTS = YES;
				CLANG_WARN_EMPTY_BODY = YES;
				CLANG_WARN_ENUM_CONVERSION = YES;
				CLANG_WARN_INFINITE_RECURSION = YES;
				CLANG_WARN_INT_CONVERSION = YES;
				CLANG_WARN_NON_LITERAL_NULL_CONVERSION = YES;
				CLANG_WARN_OBJC_IMPLICIT_RETAIN_SELF = YES;
				CLANG_WARN_OBJC_LITERAL_CONVERSION = YES;
				CLANG_WARN_OBJC_ROOT_CLASS = YES_ERROR;
				CLANG_WARN_RANGE_LOOP_ANALYSIS = YES;
				CLANG_WARN_STRICT_PROTOTYPES = YES;
				CLANG_WARN_SUSPICIOUS_MOVE = YES;
				CLANG_WARN_UNGUARDED_AVAILABILITY = YES_AGGRESSIVE;
				CLANG_WARN_UNREACHABLE_CODE = YES;
				CLANG_WARN__DUPLICATE_METHOD_MATCH = YES;
				COPY_PHASE_STRIP = NO;
				DEBUG_INFORMATION_FORMAT = dwarf;
				ENABLE_STRICT_OBJC_MSGSEND = YES;
				ENABLE_TESTABILITY = YES;
				GCC_C_LANGUAGE_STANDARD = gnu11;
				GCC_DYNAMIC_NO_PIC = NO;
				GCC_NO_COMMON_BLOCKS = YES;
				GCC_OPTIMIZATION_LEVEL = 0;
				GCC_PREPROCESSOR_DEFINITIONS = (
					"DEBUG=1",
					"$(inherited)",
				);
				GCC_WARN_64_TO_32_BIT_CONVERSION = YES;
				GCC_WARN_ABOUT_RETURN_TYPE = YES_ERROR;
				GCC_WARN_UNDECLARED_SELECTOR = YES;
				GCC_WARN_UNINITIALIZED_AUTOS = YES_AGGRESSIVE;
				GCC_WARN_UNUSED_FUNCTION = YES;
				GCC_WARN_UNUSED_VARIABLE = YES;
				IPHONEOS_DEPLOYMENT_TARGET = 13.5;
				MTL_ENABLE_DEBUG_INFO = INCLUDE_SOURCE;
				MTL_FAST_MATH = YES;
				ONLY_ACTIVE_ARCH = YES;
				SDKROOT = iphoneos;
				SWIFT_ACTIVE_COMPILATION_CONDITIONS = DEBUG;
				SWIFT_OPTIMIZATION_LEVEL = "-Onone";
			};
			name = Debug;
		};
		246278662495336A000FED0A /* Release */ = {
			isa = XCBuildConfiguration;
			buildSettings = {
				ALWAYS_SEARCH_USER_PATHS = NO;
				CLANG_ANALYZER_NONNULL = YES;
				CLANG_ANALYZER_NUMBER_OBJECT_CONVERSION = YES_AGGRESSIVE;
				CLANG_CXX_LANGUAGE_STANDARD = "gnu++14";
				CLANG_CXX_LIBRARY = "libc++";
				CLANG_ENABLE_MODULES = YES;
				CLANG_ENABLE_OBJC_ARC = YES;
				CLANG_ENABLE_OBJC_WEAK = YES;
				CLANG_WARN_BLOCK_CAPTURE_AUTORELEASING = YES;
				CLANG_WARN_BOOL_CONVERSION = YES;
				CLANG_WARN_COMMA = YES;
				CLANG_WARN_CONSTANT_CONVERSION = YES;
				CLANG_WARN_DEPRECATED_OBJC_IMPLEMENTATIONS = YES;
				CLANG_WARN_DIRECT_OBJC_ISA_USAGE = YES_ERROR;
				CLANG_WARN_DOCUMENTATION_COMMENTS = YES;
				CLANG_WARN_EMPTY_BODY = YES;
				CLANG_WARN_ENUM_CONVERSION = YES;
				CLANG_WARN_INFINITE_RECURSION = YES;
				CLANG_WARN_INT_CONVERSION = YES;
				CLANG_WARN_NON_LITERAL_NULL_CONVERSION = YES;
				CLANG_WARN_OBJC_IMPLICIT_RETAIN_SELF = YES;
				CLANG_WARN_OBJC_LITERAL_CONVERSION = YES;
				CLANG_WARN_OBJC_ROOT_CLASS = YES_ERROR;
				CLANG_WARN_RANGE_LOOP_ANALYSIS = YES;
				CLANG_WARN_STRICT_PROTOTYPES = YES;
				CLANG_WARN_SUSPICIOUS_MOVE = YES;
				CLANG_WARN_UNGUARDED_AVAILABILITY = YES_AGGRESSIVE;
				CLANG_WARN_UNREACHABLE_CODE = YES;
				CLANG_WARN__DUPLICATE_METHOD_MATCH = YES;
				COPY_PHASE_STRIP = NO;
				DEBUG_INFORMATION_FORMAT = "dwarf-with-dsym";
				ENABLE_NS_ASSERTIONS = NO;
				ENABLE_STRICT_OBJC_MSGSEND = YES;
				GCC_C_LANGUAGE_STANDARD = gnu11;
				GCC_NO_COMMON_BLOCKS = YES;
				GCC_WARN_64_TO_32_BIT_CONVERSION = YES;
				GCC_WARN_ABOUT_RETURN_TYPE = YES_ERROR;
				GCC_WARN_UNDECLARED_SELECTOR = YES;
				GCC_WARN_UNINITIALIZED_AUTOS = YES_AGGRESSIVE;
				GCC_WARN_UNUSED_FUNCTION = YES;
				GCC_WARN_UNUSED_VARIABLE = YES;
				IPHONEOS_DEPLOYMENT_TARGET = 13.5;
				MTL_ENABLE_DEBUG_INFO = NO;
				MTL_FAST_MATH = YES;
				SDKROOT = iphoneos;
				SWIFT_COMPILATION_MODE = wholemodule;
				SWIFT_OPTIMIZATION_LEVEL = "-O";
				VALIDATE_PRODUCT = YES;
			};
			name = Release;
		};
		246278682495336A000FED0A /* Debug */ = {
			isa = XCBuildConfiguration;
			baseConfigurationReference = 22BF6CC9CB0F0A9C85BF395F /* Pods-iChat.debug.xcconfig */;
			buildSettings = {
				ASSETCATALOG_COMPILER_APPICON_NAME = AppIcon;
				CODE_SIGN_STYLE = Automatic;
				DEVELOPMENT_TEAM = GZDD8NBYW6;
				INFOPLIST_FILE = iChat/Info.plist;
				IPHONEOS_DEPLOYMENT_TARGET = 13.0;
				LD_RUNPATH_SEARCH_PATHS = (
					"$(inherited)",
					"@executable_path/Frameworks",
				);
				PRODUCT_BUNDLE_IDENTIFIER = com.myproject.iChat;
				PRODUCT_NAME = "$(TARGET_NAME)";
				SWIFT_VERSION = 5.0;
				TARGETED_DEVICE_FAMILY = "1,2";
			};
			name = Debug;
		};
		246278692495336A000FED0A /* Release */ = {
			isa = XCBuildConfiguration;
			baseConfigurationReference = 9711319361B8E8ACE01EC8FA /* Pods-iChat.release.xcconfig */;
			buildSettings = {
				ASSETCATALOG_COMPILER_APPICON_NAME = AppIcon;
				CODE_SIGN_STYLE = Automatic;
				DEVELOPMENT_TEAM = GZDD8NBYW6;
				INFOPLIST_FILE = iChat/Info.plist;
				IPHONEOS_DEPLOYMENT_TARGET = 13.0;
				LD_RUNPATH_SEARCH_PATHS = (
					"$(inherited)",
					"@executable_path/Frameworks",
				);
				PRODUCT_BUNDLE_IDENTIFIER = com.myproject.iChat;
				PRODUCT_NAME = "$(TARGET_NAME)";
				SWIFT_VERSION = 5.0;
				TARGETED_DEVICE_FAMILY = "1,2";
			};
			name = Release;
		};
/* End XCBuildConfiguration section */

/* Begin XCConfigurationList section */
		2462784E24953366000FED0A /* Build configuration list for PBXProject "iChat" */ = {
			isa = XCConfigurationList;
			buildConfigurations = (
				246278652495336A000FED0A /* Debug */,
				246278662495336A000FED0A /* Release */,
			);
			defaultConfigurationIsVisible = 0;
			defaultConfigurationName = Release;
		};
		246278672495336A000FED0A /* Build configuration list for PBXNativeTarget "iChat" */ = {
			isa = XCConfigurationList;
			buildConfigurations = (
				246278682495336A000FED0A /* Debug */,
				246278692495336A000FED0A /* Release */,
			);
			defaultConfigurationIsVisible = 0;
			defaultConfigurationName = Release;
		};
/* End XCConfigurationList section */

/* Begin XCRemoteSwiftPackageReference section */
		2462788624966E02000FED0A /* XCRemoteSwiftPackageReference "SnapKit" */ = {
			isa = XCRemoteSwiftPackageReference;
			repositoryURL = "https://github.com/SnapKit/SnapKit.git";
			requirement = {
				kind = upToNextMajorVersion;
				minimumVersion = 5.0.1;
			};
		};
/* End XCRemoteSwiftPackageReference section */

/* Begin XCSwiftPackageProductDependency section */
		2462788724966E02000FED0A /* SnapKit */ = {
			isa = XCSwiftPackageProductDependency;
			package = 2462788624966E02000FED0A /* XCRemoteSwiftPackageReference "SnapKit" */;
			productName = SnapKit;
		};
/* End XCSwiftPackageProductDependency section */
	};
	rootObject = 2462784B24953366000FED0A /* Project object */;
}
